
Microsoft Visual Studio Solution File, Format Version 12.00
# Visual Studio Version 17
VisualStudioVersion = 17.0.31903.59
MinimumVisualStudioVersion = 10.0.40219.1
Project("{2150E333-8FDC-42A3-9474-1A3956D46DE8}") = "src", "src", "{827E0CD3-B72D-47B6-A68D-7590B98EB39B}"
EndProject
Project("{FAE04EC0-301F-11D3-BF4B-00C04F79EFBC}") = "Communicator.Canvas", "src\Communicator.Canvas\Communicator.Canvas.csproj", "{9BDB48B1-E097-4C7A-80CF-498FD3823FA9}"
EndProject
Project("{FAE04EC0-301F-11D3-BF4B-00C04F79EFBC}") = "Communicator.Controller", "src\Communicator.Controller\Communicator.Controller.csproj", "{C9D0BBBB-2F53-47B2-85A3-98D5A1123978}"
EndProject
Project("{FAE04EC0-301F-11D3-BF4B-00C04F79EFBC}") = "Communicator.App", "src\Communicator.App\Communicator.App.csproj", "{EF832D28-D534-4140-B6D5-96202A69766A}"
EndProject
Project("{2150E333-8FDC-42A3-9474-1A3956D46DE8}") = "tests", "tests", "{0AB3BF05-4346-4AA6-1389-037BE0695223}"
EndProject
Project("{FAE04EC0-301F-11D3-BF4B-00C04F79EFBC}") = "Communicator.Canvas.Tests", "tests\Communicator.Canvas.Tests\Communicator.Canvas.Tests.csproj", "{4CA2F7C2-7E25-47A5-93CE-F642363E7459}"
EndProject
Project("{FAE04EC0-301F-11D3-BF4B-00C04F79EFBC}") = "Communicator.Controller.Tests", "tests\Communicator.Controller.Tests\Communicator.Controller.Tests.csproj", "{1DDF990C-B4C4-4163-96A8-AA91E74B61FE}"
EndProject
Project("{FAE04EC0-301F-11D3-BF4B-00C04F79EFBC}") = "Communicator.UX.Tests", "tests\Communicator.UX.Tests\Communicator.UX.Tests.csproj", "{E2AF82A3-23DF-43CB-8332-4B8CCAA18E6A}"
EndProject
Project("{FAE04EC0-301F-11D3-BF4B-00C04F79EFBC}") = "Communicator.ScreenShare", "src\Communicator.ScreenShare\Communicator.ScreenShare.csproj", "{F11B6D36-5393-43C1-967D-F70C358F8DB6}"
EndProject
Project("{FAE04EC0-301F-11D3-BF4B-00C04F79EFBC}") = "Communicator.Chat", "src\Communicator.Chat\Communicator.Chat.csproj", "{224B1743-3490-4611-894E-D0D35BBF3F89}"
EndProject
Project("{2150E333-8FDC-42A3-9474-1A3956D46DE8}") = "Socketry", "Socketry", "{96E3B785-3683-0C03-C696-917DBF382800}"
EndProject
Project("{FAE04EC0-301F-11D3-BF4B-00C04F79EFBC}") = "packetparser", "src\Socketry\packetparser\packetparser.csproj", "{1CF46321-EE73-4612-B642-9839470F323B}"
EndProject
Project("{FAE04EC0-301F-11D3-BF4B-00C04F79EFBC}") = "socket", "src\Socketry\socket\socket.csproj", "{832374F4-7B9F-444A-9D6E-A1765768ADA3}"
EndProject
Project("{FAE04EC0-301F-11D3-BF4B-00C04F79EFBC}") = "socketry", "src\Socketry\socketry\socketry.csproj", "{5225E00D-B82F-4220-8044-06FBA2A5B157}"
EndProject
Project("{2150E333-8FDC-42A3-9474-1A3956D46DE8}") = "Communicator.UX", "Communicator.UX", "{21686062-F20E-4410-4F44-47EBB9368EA8}"
EndProject
Project("{2150E333-8FDC-42A3-9474-1A3956D46DE8}") = "Canvas", "Canvas", "{92F4ED79-529B-D9B0-A6D2-B8EF11AD0E4D}"
EndProject
Project("{FAE04EC0-301F-11D3-BF4B-00C04F79EFBC}") = "Communicator.UX.Canvas", "src\Communicator.UX\Canvas\Communicator.UX.Canvas.csproj", "{C86BAA16-599F-4388-A339-CE4DB59B9E8F}"
EndProject
Project("{FAE04EC0-301F-11D3-BF4B-00C04F79EFBC}") = "Communicator.Networking", "src\Communicator.Networking\Communicator.Networking.csproj", "{C8BA9E64-B0A5-4B81-BA2B-B05DF2F603AB}"
EndProject
Project("{FAE04EC0-301F-11D3-BF4B-00C04F79EFBC}") = "Communicator.Cloud.SignalR", "src\Communicator.Cloud.SignalR\Communicator.Cloud.SignalR.csproj", "{3D1D46FA-BF4A-43F2-90CC-3FEB122B3D02}"
EndProject
Project("{FAE04EC0-301F-11D3-BF4B-00C04F79EFBC}") = "Communicator.Cloud.SignalR.Tests", "tests\Communicator.Cloud.SignalR.Tests\Communicator.Cloud.SignalR.Tests.csproj", "{C1EB0D60-EBFB-40D7-8C79-EF15104F485F}"
EndProject
Project("{FAE04EC0-301F-11D3-BF4B-00C04F79EFBC}") = "Communicator.Cloud.Logger.Tests", "tests\Communicator.Cloud.Logger.Tests\Communicator.Cloud.Logger.Tests.csproj", "{735C4150-B452-4E60-AD58-3A33A46C732C}"
EndProject
Project("{FAE04EC0-301F-11D3-BF4B-00C04F79EFBC}") = "Communicator.Cloud.Logger", "src\Communicator.Cloud.Logger\Communicator.Cloud.Logger.csproj", "{B60C5981-8D8D-48A2-8CA1-7CE0D33CD659}"
EndProject
Project("{2150E333-8FDC-42A3-9474-1A3956D46DE8}") = "Communicator.Cloud.CloudFunction", "Communicator.Cloud.CloudFunction", "{B353AB42-FAA6-25DF-68AF-ABE0F5587DA1}"
EndProject
Project("{FAE04EC0-301F-11D3-BF4B-00C04F79EFBC}") = "CloudFunctionLIbrary", "src\Communicator.Cloud.CloudFunction\CloudFunctionLIbrary.csproj", "{68FEA4CF-2061-493C-8B8B-40E2EA24944A}"
EndProject
Project("{2150E333-8FDC-42A3-9474-1A3956D46DE8}") = "Analytics", "Analytics", "{E6257312-9465-0252-2CFF-4DF7D3B955B8}"
EndProject
Project("{FAE04EC0-301F-11D3-BF4B-00C04F79EFBC}") = "Communicator.UX.Analytics", "src\Communicator.UX\Analytics\Communicator.UX.Analytics.csproj", "{E3060534-A0FB-4385-938C-9050D0DCE009}"
EndProject
Project("{FAE04EC0-301F-11D3-BF4B-00C04F79EFBC}") = "Communicator.Chat.Tests", "tests\Communicator.Chat.Tests\Communicator.Chat.Tests.csproj", "{09A5A2E9-B19F-44B7-993D-7ED2B7CA10A1}"
EndProject
Project("{FAE04EC0-301F-11D3-BF4B-00C04F79EFBC}") = "Communicator.Cloud.CrashHandler", "Communicator.Cloud.CrashHandler\Communicator.Cloud.CrashHandler.csproj", "{63C541E2-ED68-475A-99F0-11892574E5C0}"
EndProject
Project("{2150E333-8FDC-42A3-9474-1A3956D46DE8}") = "Core", "Core", "{64CCD63B-F96E-7DA0-8FD4-F8ED32B78893}"
EndProject
Project("{FAE04EC0-301F-11D3-BF4B-00C04F79EFBC}") = "Communicator.UX.Core", "src\Communicator.UX\Core\Communicator.UX.Core.csproj", "{6DD9AC9F-D244-4B83-980C-24F2CC48F26A}"
EndProject
Project("{2150E333-8FDC-42A3-9474-1A3956D46DE8}") = "Icons", "Icons", "{8E7F210F-5A31-D6BE-0512-8CF48040DB72}"
EndProject
Project("{FAE04EC0-301F-11D3-BF4B-00C04F79EFBC}") = "Communicator.Icons", "src\Communicator.UX\Icons\Communicator.Icons.csproj", "{8AAF960D-93A8-4CCA-A6A7-092E483827E1}"
EndProject
Project("{2150E333-8FDC-42A3-9474-1A3956D46DE8}") = "Communicator.CloudFunctionLibrary.Tests", "Communicator.CloudFunctionLibrary.Tests", "{0803F971-4A4D-78A1-7820-A0D2281C3848}"
EndProject
Project("{FAE04EC0-301F-11D3-BF4B-00C04F79EFBC}") = "CloudFunctionLibrary.Tests", "tests\Communicator.CloudFunctionLibrary.Tests\CloudFunctionLibrary.Tests.csproj", "{F2E0DFD5-124A-492F-BB0C-83AF3681D6E2}"
EndProject
Global
	GlobalSection(SolutionConfigurationPlatforms) = preSolution
		Debug|Any CPU = Debug|Any CPU
		Debug|x64 = Debug|x64
		Debug|x86 = Debug|x86
		Release|Any CPU = Release|Any CPU
		Release|x64 = Release|x64
		Release|x86 = Release|x86
	EndGlobalSection
	GlobalSection(ProjectConfigurationPlatforms) = postSolution
		{9BDB48B1-E097-4C7A-80CF-498FD3823FA9}.Debug|Any CPU.ActiveCfg = Debug|Any CPU
		{9BDB48B1-E097-4C7A-80CF-498FD3823FA9}.Debug|Any CPU.Build.0 = Debug|Any CPU
		{9BDB48B1-E097-4C7A-80CF-498FD3823FA9}.Debug|x64.ActiveCfg = Debug|Any CPU
		{9BDB48B1-E097-4C7A-80CF-498FD3823FA9}.Debug|x64.Build.0 = Debug|Any CPU
		{9BDB48B1-E097-4C7A-80CF-498FD3823FA9}.Debug|x86.ActiveCfg = Debug|Any CPU
		{9BDB48B1-E097-4C7A-80CF-498FD3823FA9}.Debug|x86.Build.0 = Debug|Any CPU
		{9BDB48B1-E097-4C7A-80CF-498FD3823FA9}.Release|Any CPU.ActiveCfg = Release|Any CPU
		{9BDB48B1-E097-4C7A-80CF-498FD3823FA9}.Release|Any CPU.Build.0 = Release|Any CPU
		{9BDB48B1-E097-4C7A-80CF-498FD3823FA9}.Release|x64.ActiveCfg = Release|Any CPU
		{9BDB48B1-E097-4C7A-80CF-498FD3823FA9}.Release|x64.Build.0 = Release|Any CPU
		{9BDB48B1-E097-4C7A-80CF-498FD3823FA9}.Release|x86.ActiveCfg = Release|Any CPU
		{9BDB48B1-E097-4C7A-80CF-498FD3823FA9}.Release|x86.Build.0 = Release|Any CPU
		{C9D0BBBB-2F53-47B2-85A3-98D5A1123978}.Debug|Any CPU.ActiveCfg = Debug|Any CPU
		{C9D0BBBB-2F53-47B2-85A3-98D5A1123978}.Debug|Any CPU.Build.0 = Debug|Any CPU
		{C9D0BBBB-2F53-47B2-85A3-98D5A1123978}.Debug|x64.ActiveCfg = Debug|Any CPU
		{C9D0BBBB-2F53-47B2-85A3-98D5A1123978}.Debug|x64.Build.0 = Debug|Any CPU
		{C9D0BBBB-2F53-47B2-85A3-98D5A1123978}.Debug|x86.ActiveCfg = Debug|Any CPU
		{C9D0BBBB-2F53-47B2-85A3-98D5A1123978}.Debug|x86.Build.0 = Debug|Any CPU
		{C9D0BBBB-2F53-47B2-85A3-98D5A1123978}.Release|Any CPU.ActiveCfg = Release|Any CPU
		{C9D0BBBB-2F53-47B2-85A3-98D5A1123978}.Release|Any CPU.Build.0 = Release|Any CPU
		{C9D0BBBB-2F53-47B2-85A3-98D5A1123978}.Release|x64.ActiveCfg = Release|Any CPU
		{C9D0BBBB-2F53-47B2-85A3-98D5A1123978}.Release|x64.Build.0 = Release|Any CPU
		{C9D0BBBB-2F53-47B2-85A3-98D5A1123978}.Release|x86.ActiveCfg = Release|Any CPU
		{C9D0BBBB-2F53-47B2-85A3-98D5A1123978}.Release|x86.Build.0 = Release|Any CPU
		{EF832D28-D534-4140-B6D5-96202A69766A}.Debug|Any CPU.ActiveCfg = Debug|Any CPU
		{EF832D28-D534-4140-B6D5-96202A69766A}.Debug|Any CPU.Build.0 = Debug|Any CPU
		{EF832D28-D534-4140-B6D5-96202A69766A}.Debug|x64.ActiveCfg = Debug|Any CPU
		{EF832D28-D534-4140-B6D5-96202A69766A}.Debug|x64.Build.0 = Debug|Any CPU
		{EF832D28-D534-4140-B6D5-96202A69766A}.Debug|x86.ActiveCfg = Debug|Any CPU
		{EF832D28-D534-4140-B6D5-96202A69766A}.Debug|x86.Build.0 = Debug|Any CPU
		{EF832D28-D534-4140-B6D5-96202A69766A}.Release|Any CPU.ActiveCfg = Release|Any CPU
		{EF832D28-D534-4140-B6D5-96202A69766A}.Release|Any CPU.Build.0 = Release|Any CPU
		{EF832D28-D534-4140-B6D5-96202A69766A}.Release|x64.ActiveCfg = Release|Any CPU
		{EF832D28-D534-4140-B6D5-96202A69766A}.Release|x64.Build.0 = Release|Any CPU
		{EF832D28-D534-4140-B6D5-96202A69766A}.Release|x86.ActiveCfg = Release|Any CPU
		{EF832D28-D534-4140-B6D5-96202A69766A}.Release|x86.Build.0 = Release|Any CPU
		{4CA2F7C2-7E25-47A5-93CE-F642363E7459}.Debug|Any CPU.ActiveCfg = Debug|Any CPU
		{4CA2F7C2-7E25-47A5-93CE-F642363E7459}.Debug|Any CPU.Build.0 = Debug|Any CPU
		{4CA2F7C2-7E25-47A5-93CE-F642363E7459}.Debug|x64.ActiveCfg = Debug|Any CPU
		{4CA2F7C2-7E25-47A5-93CE-F642363E7459}.Debug|x64.Build.0 = Debug|Any CPU
		{4CA2F7C2-7E25-47A5-93CE-F642363E7459}.Debug|x86.ActiveCfg = Debug|Any CPU
		{4CA2F7C2-7E25-47A5-93CE-F642363E7459}.Debug|x86.Build.0 = Debug|Any CPU
		{4CA2F7C2-7E25-47A5-93CE-F642363E7459}.Release|Any CPU.ActiveCfg = Release|Any CPU
		{4CA2F7C2-7E25-47A5-93CE-F642363E7459}.Release|Any CPU.Build.0 = Release|Any CPU
		{4CA2F7C2-7E25-47A5-93CE-F642363E7459}.Release|x64.ActiveCfg = Release|Any CPU
		{4CA2F7C2-7E25-47A5-93CE-F642363E7459}.Release|x64.Build.0 = Release|Any CPU
		{4CA2F7C2-7E25-47A5-93CE-F642363E7459}.Release|x86.ActiveCfg = Release|Any CPU
		{4CA2F7C2-7E25-47A5-93CE-F642363E7459}.Release|x86.Build.0 = Release|Any CPU
		{1DDF990C-B4C4-4163-96A8-AA91E74B61FE}.Debug|Any CPU.ActiveCfg = Debug|Any CPU
		{1DDF990C-B4C4-4163-96A8-AA91E74B61FE}.Debug|Any CPU.Build.0 = Debug|Any CPU
		{1DDF990C-B4C4-4163-96A8-AA91E74B61FE}.Debug|x64.ActiveCfg = Debug|Any CPU
		{1DDF990C-B4C4-4163-96A8-AA91E74B61FE}.Debug|x64.Build.0 = Debug|Any CPU
		{1DDF990C-B4C4-4163-96A8-AA91E74B61FE}.Debug|x86.ActiveCfg = Debug|Any CPU
		{1DDF990C-B4C4-4163-96A8-AA91E74B61FE}.Debug|x86.Build.0 = Debug|Any CPU
		{1DDF990C-B4C4-4163-96A8-AA91E74B61FE}.Release|Any CPU.ActiveCfg = Release|Any CPU
		{1DDF990C-B4C4-4163-96A8-AA91E74B61FE}.Release|Any CPU.Build.0 = Release|Any CPU
		{1DDF990C-B4C4-4163-96A8-AA91E74B61FE}.Release|x64.ActiveCfg = Release|Any CPU
		{1DDF990C-B4C4-4163-96A8-AA91E74B61FE}.Release|x64.Build.0 = Release|Any CPU
		{1DDF990C-B4C4-4163-96A8-AA91E74B61FE}.Release|x86.ActiveCfg = Release|Any CPU
		{1DDF990C-B4C4-4163-96A8-AA91E74B61FE}.Release|x86.Build.0 = Release|Any CPU
		{E2AF82A3-23DF-43CB-8332-4B8CCAA18E6A}.Debug|Any CPU.ActiveCfg = Debug|Any CPU
		{E2AF82A3-23DF-43CB-8332-4B8CCAA18E6A}.Debug|Any CPU.Build.0 = Debug|Any CPU
		{E2AF82A3-23DF-43CB-8332-4B8CCAA18E6A}.Debug|x64.ActiveCfg = Debug|Any CPU
		{E2AF82A3-23DF-43CB-8332-4B8CCAA18E6A}.Debug|x64.Build.0 = Debug|Any CPU
		{E2AF82A3-23DF-43CB-8332-4B8CCAA18E6A}.Debug|x86.ActiveCfg = Debug|Any CPU
		{E2AF82A3-23DF-43CB-8332-4B8CCAA18E6A}.Debug|x86.Build.0 = Debug|Any CPU
		{E2AF82A3-23DF-43CB-8332-4B8CCAA18E6A}.Release|Any CPU.ActiveCfg = Release|Any CPU
		{E2AF82A3-23DF-43CB-8332-4B8CCAA18E6A}.Release|Any CPU.Build.0 = Release|Any CPU
		{E2AF82A3-23DF-43CB-8332-4B8CCAA18E6A}.Release|x64.ActiveCfg = Release|Any CPU
		{E2AF82A3-23DF-43CB-8332-4B8CCAA18E6A}.Release|x64.Build.0 = Release|Any CPU
		{E2AF82A3-23DF-43CB-8332-4B8CCAA18E6A}.Release|x86.ActiveCfg = Release|Any CPU
		{E2AF82A3-23DF-43CB-8332-4B8CCAA18E6A}.Release|x86.Build.0 = Release|Any CPU
		{F11B6D36-5393-43C1-967D-F70C358F8DB6}.Debug|Any CPU.ActiveCfg = Debug|Any CPU
		{F11B6D36-5393-43C1-967D-F70C358F8DB6}.Debug|Any CPU.Build.0 = Debug|Any CPU
		{F11B6D36-5393-43C1-967D-F70C358F8DB6}.Debug|x64.ActiveCfg = Debug|Any CPU
		{F11B6D36-5393-43C1-967D-F70C358F8DB6}.Debug|x64.Build.0 = Debug|Any CPU
		{F11B6D36-5393-43C1-967D-F70C358F8DB6}.Debug|x86.ActiveCfg = Debug|Any CPU
		{F11B6D36-5393-43C1-967D-F70C358F8DB6}.Debug|x86.Build.0 = Debug|Any CPU
		{F11B6D36-5393-43C1-967D-F70C358F8DB6}.Release|Any CPU.ActiveCfg = Release|Any CPU
		{F11B6D36-5393-43C1-967D-F70C358F8DB6}.Release|Any CPU.Build.0 = Release|Any CPU
		{F11B6D36-5393-43C1-967D-F70C358F8DB6}.Release|x64.ActiveCfg = Release|Any CPU
		{F11B6D36-5393-43C1-967D-F70C358F8DB6}.Release|x64.Build.0 = Release|Any CPU
		{F11B6D36-5393-43C1-967D-F70C358F8DB6}.Release|x86.ActiveCfg = Release|Any CPU
		{F11B6D36-5393-43C1-967D-F70C358F8DB6}.Release|x86.Build.0 = Release|Any CPU
		{224B1743-3490-4611-894E-D0D35BBF3F89}.Debug|Any CPU.ActiveCfg = Debug|Any CPU
		{224B1743-3490-4611-894E-D0D35BBF3F89}.Debug|Any CPU.Build.0 = Debug|Any CPU
		{224B1743-3490-4611-894E-D0D35BBF3F89}.Debug|x64.ActiveCfg = Debug|Any CPU
		{224B1743-3490-4611-894E-D0D35BBF3F89}.Debug|x64.Build.0 = Debug|Any CPU
		{224B1743-3490-4611-894E-D0D35BBF3F89}.Debug|x86.ActiveCfg = Debug|Any CPU
		{224B1743-3490-4611-894E-D0D35BBF3F89}.Debug|x86.Build.0 = Debug|Any CPU
		{224B1743-3490-4611-894E-D0D35BBF3F89}.Release|Any CPU.ActiveCfg = Release|Any CPU
		{224B1743-3490-4611-894E-D0D35BBF3F89}.Release|Any CPU.Build.0 = Release|Any CPU
		{224B1743-3490-4611-894E-D0D35BBF3F89}.Release|x64.ActiveCfg = Release|Any CPU
		{224B1743-3490-4611-894E-D0D35BBF3F89}.Release|x64.Build.0 = Release|Any CPU
		{224B1743-3490-4611-894E-D0D35BBF3F89}.Release|x86.ActiveCfg = Release|Any CPU
		{224B1743-3490-4611-894E-D0D35BBF3F89}.Release|x86.Build.0 = Release|Any CPU
		{1CF46321-EE73-4612-B642-9839470F323B}.Debug|Any CPU.ActiveCfg = Debug|Any CPU
		{1CF46321-EE73-4612-B642-9839470F323B}.Debug|Any CPU.Build.0 = Debug|Any CPU
		{1CF46321-EE73-4612-B642-9839470F323B}.Debug|x64.ActiveCfg = Debug|Any CPU
		{1CF46321-EE73-4612-B642-9839470F323B}.Debug|x64.Build.0 = Debug|Any CPU
		{1CF46321-EE73-4612-B642-9839470F323B}.Debug|x86.ActiveCfg = Debug|Any CPU
		{1CF46321-EE73-4612-B642-9839470F323B}.Debug|x86.Build.0 = Debug|Any CPU
		{1CF46321-EE73-4612-B642-9839470F323B}.Release|Any CPU.ActiveCfg = Release|Any CPU
		{1CF46321-EE73-4612-B642-9839470F323B}.Release|Any CPU.Build.0 = Release|Any CPU
		{1CF46321-EE73-4612-B642-9839470F323B}.Release|x64.ActiveCfg = Release|Any CPU
		{1CF46321-EE73-4612-B642-9839470F323B}.Release|x64.Build.0 = Release|Any CPU
		{1CF46321-EE73-4612-B642-9839470F323B}.Release|x86.ActiveCfg = Release|Any CPU
		{1CF46321-EE73-4612-B642-9839470F323B}.Release|x86.Build.0 = Release|Any CPU
		{832374F4-7B9F-444A-9D6E-A1765768ADA3}.Debug|Any CPU.ActiveCfg = Debug|Any CPU
		{832374F4-7B9F-444A-9D6E-A1765768ADA3}.Debug|Any CPU.Build.0 = Debug|Any CPU
		{832374F4-7B9F-444A-9D6E-A1765768ADA3}.Debug|x64.ActiveCfg = Debug|Any CPU
		{832374F4-7B9F-444A-9D6E-A1765768ADA3}.Debug|x64.Build.0 = Debug|Any CPU
		{832374F4-7B9F-444A-9D6E-A1765768ADA3}.Debug|x86.ActiveCfg = Debug|Any CPU
		{832374F4-7B9F-444A-9D6E-A1765768ADA3}.Debug|x86.Build.0 = Debug|Any CPU
		{832374F4-7B9F-444A-9D6E-A1765768ADA3}.Release|Any CPU.ActiveCfg = Release|Any CPU
		{832374F4-7B9F-444A-9D6E-A1765768ADA3}.Release|Any CPU.Build.0 = Release|Any CPU
		{832374F4-7B9F-444A-9D6E-A1765768ADA3}.Release|x64.ActiveCfg = Release|Any CPU
		{832374F4-7B9F-444A-9D6E-A1765768ADA3}.Release|x64.Build.0 = Release|Any CPU
		{832374F4-7B9F-444A-9D6E-A1765768ADA3}.Release|x86.ActiveCfg = Release|Any CPU
		{832374F4-7B9F-444A-9D6E-A1765768ADA3}.Release|x86.Build.0 = Release|Any CPU
		{5225E00D-B82F-4220-8044-06FBA2A5B157}.Debug|Any CPU.ActiveCfg = Debug|Any CPU
		{5225E00D-B82F-4220-8044-06FBA2A5B157}.Debug|Any CPU.Build.0 = Debug|Any CPU
		{5225E00D-B82F-4220-8044-06FBA2A5B157}.Debug|x64.ActiveCfg = Debug|Any CPU
		{5225E00D-B82F-4220-8044-06FBA2A5B157}.Debug|x64.Build.0 = Debug|Any CPU
		{5225E00D-B82F-4220-8044-06FBA2A5B157}.Debug|x86.ActiveCfg = Debug|Any CPU
		{5225E00D-B82F-4220-8044-06FBA2A5B157}.Debug|x86.Build.0 = Debug|Any CPU
		{5225E00D-B82F-4220-8044-06FBA2A5B157}.Release|Any CPU.ActiveCfg = Release|Any CPU
		{5225E00D-B82F-4220-8044-06FBA2A5B157}.Release|Any CPU.Build.0 = Release|Any CPU
		{5225E00D-B82F-4220-8044-06FBA2A5B157}.Release|x64.ActiveCfg = Release|Any CPU
		{5225E00D-B82F-4220-8044-06FBA2A5B157}.Release|x64.Build.0 = Release|Any CPU
		{5225E00D-B82F-4220-8044-06FBA2A5B157}.Release|x86.ActiveCfg = Release|Any CPU
		{5225E00D-B82F-4220-8044-06FBA2A5B157}.Release|x86.Build.0 = Release|Any CPU
		{C86BAA16-599F-4388-A339-CE4DB59B9E8F}.Debug|Any CPU.ActiveCfg = Debug|Any CPU
		{C86BAA16-599F-4388-A339-CE4DB59B9E8F}.Debug|Any CPU.Build.0 = Debug|Any CPU
		{C86BAA16-599F-4388-A339-CE4DB59B9E8F}.Debug|x64.ActiveCfg = Debug|Any CPU
		{C86BAA16-599F-4388-A339-CE4DB59B9E8F}.Debug|x64.Build.0 = Debug|Any CPU
		{C86BAA16-599F-4388-A339-CE4DB59B9E8F}.Debug|x86.ActiveCfg = Debug|Any CPU
		{C86BAA16-599F-4388-A339-CE4DB59B9E8F}.Debug|x86.Build.0 = Debug|Any CPU
		{C86BAA16-599F-4388-A339-CE4DB59B9E8F}.Release|Any CPU.ActiveCfg = Release|Any CPU
		{C86BAA16-599F-4388-A339-CE4DB59B9E8F}.Release|Any CPU.Build.0 = Release|Any CPU
		{C86BAA16-599F-4388-A339-CE4DB59B9E8F}.Release|x64.ActiveCfg = Release|Any CPU
		{C86BAA16-599F-4388-A339-CE4DB59B9E8F}.Release|x64.Build.0 = Release|Any CPU
		{C86BAA16-599F-4388-A339-CE4DB59B9E8F}.Release|x86.ActiveCfg = Release|Any CPU
		{C86BAA16-599F-4388-A339-CE4DB59B9E8F}.Release|x86.Build.0 = Release|Any CPU
		{C8BA9E64-B0A5-4B81-BA2B-B05DF2F603AB}.Debug|Any CPU.ActiveCfg = Debug|Any CPU
		{C8BA9E64-B0A5-4B81-BA2B-B05DF2F603AB}.Debug|Any CPU.Build.0 = Debug|Any CPU
		{C8BA9E64-B0A5-4B81-BA2B-B05DF2F603AB}.Debug|x64.ActiveCfg = Debug|Any CPU
		{C8BA9E64-B0A5-4B81-BA2B-B05DF2F603AB}.Debug|x64.Build.0 = Debug|Any CPU
		{C8BA9E64-B0A5-4B81-BA2B-B05DF2F603AB}.Debug|x86.ActiveCfg = Debug|Any CPU
		{C8BA9E64-B0A5-4B81-BA2B-B05DF2F603AB}.Debug|x86.Build.0 = Debug|Any CPU
		{C8BA9E64-B0A5-4B81-BA2B-B05DF2F603AB}.Release|Any CPU.ActiveCfg = Release|Any CPU
		{C8BA9E64-B0A5-4B81-BA2B-B05DF2F603AB}.Release|Any CPU.Build.0 = Release|Any CPU
		{C8BA9E64-B0A5-4B81-BA2B-B05DF2F603AB}.Release|x64.ActiveCfg = Release|Any CPU
		{C8BA9E64-B0A5-4B81-BA2B-B05DF2F603AB}.Release|x64.Build.0 = Release|Any CPU
		{C8BA9E64-B0A5-4B81-BA2B-B05DF2F603AB}.Release|x86.ActiveCfg = Release|Any CPU
		{C8BA9E64-B0A5-4B81-BA2B-B05DF2F603AB}.Release|x86.Build.0 = Release|Any CPU
		{3D1D46FA-BF4A-43F2-90CC-3FEB122B3D02}.Debug|Any CPU.ActiveCfg = Debug|Any CPU
		{3D1D46FA-BF4A-43F2-90CC-3FEB122B3D02}.Debug|Any CPU.Build.0 = Debug|Any CPU
		{3D1D46FA-BF4A-43F2-90CC-3FEB122B3D02}.Debug|x64.ActiveCfg = Debug|Any CPU
		{3D1D46FA-BF4A-43F2-90CC-3FEB122B3D02}.Debug|x64.Build.0 = Debug|Any CPU
		{3D1D46FA-BF4A-43F2-90CC-3FEB122B3D02}.Debug|x86.ActiveCfg = Debug|Any CPU
		{3D1D46FA-BF4A-43F2-90CC-3FEB122B3D02}.Debug|x86.Build.0 = Debug|Any CPU
		{3D1D46FA-BF4A-43F2-90CC-3FEB122B3D02}.Release|Any CPU.ActiveCfg = Release|Any CPU
		{3D1D46FA-BF4A-43F2-90CC-3FEB122B3D02}.Release|Any CPU.Build.0 = Release|Any CPU
		{3D1D46FA-BF4A-43F2-90CC-3FEB122B3D02}.Release|x64.ActiveCfg = Release|Any CPU
		{3D1D46FA-BF4A-43F2-90CC-3FEB122B3D02}.Release|x64.Build.0 = Release|Any CPU
		{3D1D46FA-BF4A-43F2-90CC-3FEB122B3D02}.Release|x86.ActiveCfg = Release|Any CPU
		{3D1D46FA-BF4A-43F2-90CC-3FEB122B3D02}.Release|x86.Build.0 = Release|Any CPU
		{C1EB0D60-EBFB-40D7-8C79-EF15104F485F}.Debug|Any CPU.ActiveCfg = Debug|Any CPU
		{C1EB0D60-EBFB-40D7-8C79-EF15104F485F}.Debug|Any CPU.Build.0 = Debug|Any CPU
		{C1EB0D60-EBFB-40D7-8C79-EF15104F485F}.Debug|x64.ActiveCfg = Debug|Any CPU
		{C1EB0D60-EBFB-40D7-8C79-EF15104F485F}.Debug|x64.Build.0 = Debug|Any CPU
		{C1EB0D60-EBFB-40D7-8C79-EF15104F485F}.Debug|x86.ActiveCfg = Debug|Any CPU
		{C1EB0D60-EBFB-40D7-8C79-EF15104F485F}.Debug|x86.Build.0 = Debug|Any CPU
		{C1EB0D60-EBFB-40D7-8C79-EF15104F485F}.Release|Any CPU.ActiveCfg = Release|Any CPU
		{C1EB0D60-EBFB-40D7-8C79-EF15104F485F}.Release|Any CPU.Build.0 = Release|Any CPU
		{C1EB0D60-EBFB-40D7-8C79-EF15104F485F}.Release|x64.ActiveCfg = Release|Any CPU
		{C1EB0D60-EBFB-40D7-8C79-EF15104F485F}.Release|x64.Build.0 = Release|Any CPU
		{C1EB0D60-EBFB-40D7-8C79-EF15104F485F}.Release|x86.ActiveCfg = Release|Any CPU
		{C1EB0D60-EBFB-40D7-8C79-EF15104F485F}.Release|x86.Build.0 = Release|Any CPU
		{735C4150-B452-4E60-AD58-3A33A46C732C}.Debug|Any CPU.ActiveCfg = Debug|Any CPU
		{735C4150-B452-4E60-AD58-3A33A46C732C}.Debug|Any CPU.Build.0 = Debug|Any CPU
		{735C4150-B452-4E60-AD58-3A33A46C732C}.Debug|x64.ActiveCfg = Debug|Any CPU
		{735C4150-B452-4E60-AD58-3A33A46C732C}.Debug|x64.Build.0 = Debug|Any CPU
		{735C4150-B452-4E60-AD58-3A33A46C732C}.Debug|x86.ActiveCfg = Debug|Any CPU
		{735C4150-B452-4E60-AD58-3A33A46C732C}.Debug|x86.Build.0 = Debug|Any CPU
		{735C4150-B452-4E60-AD58-3A33A46C732C}.Release|Any CPU.ActiveCfg = Release|Any CPU
		{735C4150-B452-4E60-AD58-3A33A46C732C}.Release|Any CPU.Build.0 = Release|Any CPU
		{735C4150-B452-4E60-AD58-3A33A46C732C}.Release|x64.ActiveCfg = Release|Any CPU
		{735C4150-B452-4E60-AD58-3A33A46C732C}.Release|x64.Build.0 = Release|Any CPU
		{735C4150-B452-4E60-AD58-3A33A46C732C}.Release|x86.ActiveCfg = Release|Any CPU
		{735C4150-B452-4E60-AD58-3A33A46C732C}.Release|x86.Build.0 = Release|Any CPU
		{B60C5981-8D8D-48A2-8CA1-7CE0D33CD659}.Debug|Any CPU.ActiveCfg = Debug|Any CPU
		{B60C5981-8D8D-48A2-8CA1-7CE0D33CD659}.Debug|Any CPU.Build.0 = Debug|Any CPU
		{B60C5981-8D8D-48A2-8CA1-7CE0D33CD659}.Debug|x64.ActiveCfg = Debug|Any CPU
		{B60C5981-8D8D-48A2-8CA1-7CE0D33CD659}.Debug|x64.Build.0 = Debug|Any CPU
		{B60C5981-8D8D-48A2-8CA1-7CE0D33CD659}.Debug|x86.ActiveCfg = Debug|Any CPU
		{B60C5981-8D8D-48A2-8CA1-7CE0D33CD659}.Debug|x86.Build.0 = Debug|Any CPU
		{B60C5981-8D8D-48A2-8CA1-7CE0D33CD659}.Release|Any CPU.ActiveCfg = Release|Any CPU
		{B60C5981-8D8D-48A2-8CA1-7CE0D33CD659}.Release|Any CPU.Build.0 = Release|Any CPU
		{B60C5981-8D8D-48A2-8CA1-7CE0D33CD659}.Release|x64.ActiveCfg = Release|Any CPU
		{B60C5981-8D8D-48A2-8CA1-7CE0D33CD659}.Release|x64.Build.0 = Release|Any CPU
		{B60C5981-8D8D-48A2-8CA1-7CE0D33CD659}.Release|x86.ActiveCfg = Release|Any CPU
		{B60C5981-8D8D-48A2-8CA1-7CE0D33CD659}.Release|x86.Build.0 = Release|Any CPU
		{68FEA4CF-2061-493C-8B8B-40E2EA24944A}.Debug|Any CPU.ActiveCfg = Debug|Any CPU
		{68FEA4CF-2061-493C-8B8B-40E2EA24944A}.Debug|Any CPU.Build.0 = Debug|Any CPU
		{68FEA4CF-2061-493C-8B8B-40E2EA24944A}.Debug|x64.ActiveCfg = Debug|Any CPU
		{68FEA4CF-2061-493C-8B8B-40E2EA24944A}.Debug|x64.Build.0 = Debug|Any CPU
		{68FEA4CF-2061-493C-8B8B-40E2EA24944A}.Debug|x86.ActiveCfg = Debug|Any CPU
		{68FEA4CF-2061-493C-8B8B-40E2EA24944A}.Debug|x86.Build.0 = Debug|Any CPU
		{68FEA4CF-2061-493C-8B8B-40E2EA24944A}.Release|Any CPU.ActiveCfg = Release|Any CPU
		{68FEA4CF-2061-493C-8B8B-40E2EA24944A}.Release|Any CPU.Build.0 = Release|Any CPU
		{68FEA4CF-2061-493C-8B8B-40E2EA24944A}.Release|x64.ActiveCfg = Release|Any CPU
		{68FEA4CF-2061-493C-8B8B-40E2EA24944A}.Release|x64.Build.0 = Release|Any CPU
		{68FEA4CF-2061-493C-8B8B-40E2EA24944A}.Release|x86.ActiveCfg = Release|Any CPU
		{68FEA4CF-2061-493C-8B8B-40E2EA24944A}.Release|x86.Build.0 = Release|Any CPU
		{E3060534-A0FB-4385-938C-9050D0DCE009}.Debug|Any CPU.ActiveCfg = Debug|Any CPU
		{E3060534-A0FB-4385-938C-9050D0DCE009}.Debug|Any CPU.Build.0 = Debug|Any CPU
		{E3060534-A0FB-4385-938C-9050D0DCE009}.Debug|x64.ActiveCfg = Debug|Any CPU
		{E3060534-A0FB-4385-938C-9050D0DCE009}.Debug|x64.Build.0 = Debug|Any CPU
		{E3060534-A0FB-4385-938C-9050D0DCE009}.Debug|x86.ActiveCfg = Debug|Any CPU
		{E3060534-A0FB-4385-938C-9050D0DCE009}.Debug|x86.Build.0 = Debug|Any CPU
		{E3060534-A0FB-4385-938C-9050D0DCE009}.Release|Any CPU.ActiveCfg = Release|Any CPU
		{E3060534-A0FB-4385-938C-9050D0DCE009}.Release|Any CPU.Build.0 = Release|Any CPU
		{E3060534-A0FB-4385-938C-9050D0DCE009}.Release|x64.ActiveCfg = Release|Any CPU
		{E3060534-A0FB-4385-938C-9050D0DCE009}.Release|x64.Build.0 = Release|Any CPU
		{E3060534-A0FB-4385-938C-9050D0DCE009}.Release|x86.ActiveCfg = Release|Any CPU
		{E3060534-A0FB-4385-938C-9050D0DCE009}.Release|x86.Build.0 = Release|Any CPU
		{09A5A2E9-B19F-44B7-993D-7ED2B7CA10A1}.Debug|Any CPU.ActiveCfg = Debug|Any CPU
		{09A5A2E9-B19F-44B7-993D-7ED2B7CA10A1}.Debug|Any CPU.Build.0 = Debug|Any CPU
		{09A5A2E9-B19F-44B7-993D-7ED2B7CA10A1}.Debug|x64.ActiveCfg = Debug|Any CPU
		{09A5A2E9-B19F-44B7-993D-7ED2B7CA10A1}.Debug|x64.Build.0 = Debug|Any CPU
		{09A5A2E9-B19F-44B7-993D-7ED2B7CA10A1}.Debug|x86.ActiveCfg = Debug|Any CPU
		{09A5A2E9-B19F-44B7-993D-7ED2B7CA10A1}.Debug|x86.Build.0 = Debug|Any CPU
		{09A5A2E9-B19F-44B7-993D-7ED2B7CA10A1}.Release|Any CPU.ActiveCfg = Release|Any CPU
		{09A5A2E9-B19F-44B7-993D-7ED2B7CA10A1}.Release|Any CPU.Build.0 = Release|Any CPU
		{09A5A2E9-B19F-44B7-993D-7ED2B7CA10A1}.Release|x64.ActiveCfg = Release|Any CPU
		{09A5A2E9-B19F-44B7-993D-7ED2B7CA10A1}.Release|x64.Build.0 = Release|Any CPU
		{09A5A2E9-B19F-44B7-993D-7ED2B7CA10A1}.Release|x86.ActiveCfg = Release|Any CPU
		{09A5A2E9-B19F-44B7-993D-7ED2B7CA10A1}.Release|x86.Build.0 = Release|Any CPU
		{63C541E2-ED68-475A-99F0-11892574E5C0}.Debug|Any CPU.ActiveCfg = Debug|Any CPU
		{63C541E2-ED68-475A-99F0-11892574E5C0}.Debug|Any CPU.Build.0 = Debug|Any CPU
		{63C541E2-ED68-475A-99F0-11892574E5C0}.Debug|x64.ActiveCfg = Debug|Any CPU
		{63C541E2-ED68-475A-99F0-11892574E5C0}.Debug|x64.Build.0 = Debug|Any CPU
		{63C541E2-ED68-475A-99F0-11892574E5C0}.Debug|x86.ActiveCfg = Debug|Any CPU
		{63C541E2-ED68-475A-99F0-11892574E5C0}.Debug|x86.Build.0 = Debug|Any CPU
		{63C541E2-ED68-475A-99F0-11892574E5C0}.Release|Any CPU.ActiveCfg = Release|Any CPU
		{63C541E2-ED68-475A-99F0-11892574E5C0}.Release|Any CPU.Build.0 = Release|Any CPU
		{63C541E2-ED68-475A-99F0-11892574E5C0}.Release|x64.ActiveCfg = Release|Any CPU
		{63C541E2-ED68-475A-99F0-11892574E5C0}.Release|x64.Build.0 = Release|Any CPU
		{63C541E2-ED68-475A-99F0-11892574E5C0}.Release|x86.ActiveCfg = Release|Any CPU
		{63C541E2-ED68-475A-99F0-11892574E5C0}.Release|x86.Build.0 = Release|Any CPU
		{6DD9AC9F-D244-4B83-980C-24F2CC48F26A}.Debug|Any CPU.ActiveCfg = Debug|Any CPU
		{6DD9AC9F-D244-4B83-980C-24F2CC48F26A}.Debug|Any CPU.Build.0 = Debug|Any CPU
		{6DD9AC9F-D244-4B83-980C-24F2CC48F26A}.Debug|x64.ActiveCfg = Debug|Any CPU
		{6DD9AC9F-D244-4B83-980C-24F2CC48F26A}.Debug|x64.Build.0 = Debug|Any CPU
		{6DD9AC9F-D244-4B83-980C-24F2CC48F26A}.Debug|x86.ActiveCfg = Debug|Any CPU
		{6DD9AC9F-D244-4B83-980C-24F2CC48F26A}.Debug|x86.Build.0 = Debug|Any CPU
		{6DD9AC9F-D244-4B83-980C-24F2CC48F26A}.Release|Any CPU.ActiveCfg = Release|Any CPU
		{6DD9AC9F-D244-4B83-980C-24F2CC48F26A}.Release|Any CPU.Build.0 = Release|Any CPU
		{6DD9AC9F-D244-4B83-980C-24F2CC48F26A}.Release|x64.ActiveCfg = Release|Any CPU
		{6DD9AC9F-D244-4B83-980C-24F2CC48F26A}.Release|x64.Build.0 = Release|Any CPU
		{6DD9AC9F-D244-4B83-980C-24F2CC48F26A}.Release|x86.ActiveCfg = Release|Any CPU
		{6DD9AC9F-D244-4B83-980C-24F2CC48F26A}.Release|x86.Build.0 = Release|Any CPU
		{8AAF960D-93A8-4CCA-A6A7-092E483827E1}.Debug|Any CPU.ActiveCfg = Debug|Any CPU
		{8AAF960D-93A8-4CCA-A6A7-092E483827E1}.Debug|Any CPU.Build.0 = Debug|Any CPU
		{8AAF960D-93A8-4CCA-A6A7-092E483827E1}.Debug|x64.ActiveCfg = Debug|Any CPU
		{8AAF960D-93A8-4CCA-A6A7-092E483827E1}.Debug|x64.Build.0 = Debug|Any CPU
		{8AAF960D-93A8-4CCA-A6A7-092E483827E1}.Debug|x86.ActiveCfg = Debug|Any CPU
		{8AAF960D-93A8-4CCA-A6A7-092E483827E1}.Debug|x86.Build.0 = Debug|Any CPU
		{8AAF960D-93A8-4CCA-A6A7-092E483827E1}.Release|Any CPU.ActiveCfg = Release|Any CPU
		{8AAF960D-93A8-4CCA-A6A7-092E483827E1}.Release|Any CPU.Build.0 = Release|Any CPU
		{8AAF960D-93A8-4CCA-A6A7-092E483827E1}.Release|x64.ActiveCfg = Release|Any CPU
		{8AAF960D-93A8-4CCA-A6A7-092E483827E1}.Release|x64.Build.0 = Release|Any CPU
		{8AAF960D-93A8-4CCA-A6A7-092E483827E1}.Release|x86.ActiveCfg = Release|Any CPU
		{8AAF960D-93A8-4CCA-A6A7-092E483827E1}.Release|x86.Build.0 = Release|Any CPU
		{F2E0DFD5-124A-492F-BB0C-83AF3681D6E2}.Debug|Any CPU.ActiveCfg = Debug|Any CPU
		{F2E0DFD5-124A-492F-BB0C-83AF3681D6E2}.Debug|Any CPU.Build.0 = Debug|Any CPU
		{F2E0DFD5-124A-492F-BB0C-83AF3681D6E2}.Debug|x64.ActiveCfg = Debug|Any CPU
		{F2E0DFD5-124A-492F-BB0C-83AF3681D6E2}.Debug|x64.Build.0 = Debug|Any CPU
		{F2E0DFD5-124A-492F-BB0C-83AF3681D6E2}.Debug|x86.ActiveCfg = Debug|Any CPU
		{F2E0DFD5-124A-492F-BB0C-83AF3681D6E2}.Debug|x86.Build.0 = Debug|Any CPU
		{F2E0DFD5-124A-492F-BB0C-83AF3681D6E2}.Release|Any CPU.ActiveCfg = Release|Any CPU
		{F2E0DFD5-124A-492F-BB0C-83AF3681D6E2}.Release|Any CPU.Build.0 = Release|Any CPU
		{F2E0DFD5-124A-492F-BB0C-83AF3681D6E2}.Release|x64.ActiveCfg = Release|Any CPU
		{F2E0DFD5-124A-492F-BB0C-83AF3681D6E2}.Release|x64.Build.0 = Release|Any CPU
		{F2E0DFD5-124A-492F-BB0C-83AF3681D6E2}.Release|x86.ActiveCfg = Release|Any CPU
		{F2E0DFD5-124A-492F-BB0C-83AF3681D6E2}.Release|x86.Build.0 = Release|Any CPU
	EndGlobalSection
	GlobalSection(SolutionProperties) = preSolution
		HideSolutionNode = FALSE
	EndGlobalSection
	GlobalSection(NestedProjects) = preSolution
		{9BDB48B1-E097-4C7A-80CF-498FD3823FA9} = {827E0CD3-B72D-47B6-A68D-7590B98EB39B}
		{C9D0BBBB-2F53-47B2-85A3-98D5A1123978} = {827E0CD3-B72D-47B6-A68D-7590B98EB39B}
		{EF832D28-D534-4140-B6D5-96202A69766A} = {827E0CD3-B72D-47B6-A68D-7590B98EB39B}
		{4CA2F7C2-7E25-47A5-93CE-F642363E7459} = {0AB3BF05-4346-4AA6-1389-037BE0695223}
		{1DDF990C-B4C4-4163-96A8-AA91E74B61FE} = {0AB3BF05-4346-4AA6-1389-037BE0695223}
		{E2AF82A3-23DF-43CB-8332-4B8CCAA18E6A} = {0AB3BF05-4346-4AA6-1389-037BE0695223}
		{F11B6D36-5393-43C1-967D-F70C358F8DB6} = {827E0CD3-B72D-47B6-A68D-7590B98EB39B}
		{224B1743-3490-4611-894E-D0D35BBF3F89} = {827E0CD3-B72D-47B6-A68D-7590B98EB39B}
		{96E3B785-3683-0C03-C696-917DBF382800} = {827E0CD3-B72D-47B6-A68D-7590B98EB39B}
		{1CF46321-EE73-4612-B642-9839470F323B} = {96E3B785-3683-0C03-C696-917DBF382800}
		{832374F4-7B9F-444A-9D6E-A1765768ADA3} = {96E3B785-3683-0C03-C696-917DBF382800}
		{5225E00D-B82F-4220-8044-06FBA2A5B157} = {96E3B785-3683-0C03-C696-917DBF382800}
		{21686062-F20E-4410-4F44-47EBB9368EA8} = {827E0CD3-B72D-47B6-A68D-7590B98EB39B}
		{92F4ED79-529B-D9B0-A6D2-B8EF11AD0E4D} = {21686062-F20E-4410-4F44-47EBB9368EA8}
		{C86BAA16-599F-4388-A339-CE4DB59B9E8F} = {92F4ED79-529B-D9B0-A6D2-B8EF11AD0E4D}
		{C8BA9E64-B0A5-4B81-BA2B-B05DF2F603AB} = {827E0CD3-B72D-47B6-A68D-7590B98EB39B}
		{B353AB42-FAA6-25DF-68AF-ABE0F5587DA1} = {827E0CD3-B72D-47B6-A68D-7590B98EB39B}
		{68FEA4CF-2061-493C-8B8B-40E2EA24944A} = {B353AB42-FAA6-25DF-68AF-ABE0F5587DA1}
		{E6257312-9465-0252-2CFF-4DF7D3B955B8} = {21686062-F20E-4410-4F44-47EBB9368EA8}
		{E3060534-A0FB-4385-938C-9050D0DCE009} = {E6257312-9465-0252-2CFF-4DF7D3B955B8}
		{09A5A2E9-B19F-44B7-993D-7ED2B7CA10A1} = {0AB3BF05-4346-4AA6-1389-037BE0695223}
		{64CCD63B-F96E-7DA0-8FD4-F8ED32B78893} = {21686062-F20E-4410-4F44-47EBB9368EA8}
		{6DD9AC9F-D244-4B83-980C-24F2CC48F26A} = {64CCD63B-F96E-7DA0-8FD4-F8ED32B78893}
		{8E7F210F-5A31-D6BE-0512-8CF48040DB72} = {21686062-F20E-4410-4F44-47EBB9368EA8}
		{8AAF960D-93A8-4CCA-A6A7-092E483827E1} = {8E7F210F-5A31-D6BE-0512-8CF48040DB72}
		{0803F971-4A4D-78A1-7820-A0D2281C3848} = {0AB3BF05-4346-4AA6-1389-037BE0695223}
		{F2E0DFD5-124A-492F-BB0C-83AF3681D6E2} = {0803F971-4A4D-78A1-7820-A0D2281C3848}
	EndGlobalSection
	GlobalSection(ExtensibilityGlobals) = postSolution
		SolutionGuid = {80E64E8F-9BB2-4A7D-8DB7-F73EFFE2802A}
		{B60C5981-8D8D-48A2-8CA1-7CE0D33CD659} = {827E0CD3-B72D-47B6-A68D-7590B98EB39B}
		{735C4150-B452-4E60-AD58-3A33A46C732C} = {0AB3BF05-4346-4AA6-1389-037BE0695223}
		{C1EB0D60-EBFB-40D7-8C79-EF15104F485F} = {0AB3BF05-4346-4AA6-1389-037BE0695223}
		{3D1D46FA-BF4A-43F2-90CC-3FEB122B3D02} = {827E0CD3-B72D-47B6-A68D-7590B98EB39B}
	EndGlobalSection
EndGlobal
