
Microsoft Visual Studio Solution File, Format Version 12.00
# Visual Studio Version 17
VisualStudioVersion = 17.0.31903.59
MinimumVisualStudioVersion = 10.0.40219.1
Project("{2150E333-8FDC-42A3-9474-1A3956D46DE8}") = "src", "src", "{827E0CD3-B72D-47B6-A68D-7590B98EB39B}"
EndProject
Project("{FAE04EC0-301F-11D3-BF4B-00C04F79EFBC}") = "Communicator.Canvas", "src\Communicator.Canvas\Communicator.Canvas.csproj", "{9BDB48B1-E097-4C7A-80CF-498FD3823FA9}"
EndProject
Project("{FAE04EC0-301F-11D3-BF4B-00C04F79EFBC}") = "Communicator.Controller", "src\Communicator.Controller\Communicator.Controller.csproj", "{C9D0BBBB-2F53-47B2-85A3-98D5A1123978}"
EndProject
Project("{FAE04EC0-301F-11D3-BF4B-00C04F79EFBC}") = "Communicator.App", "src\Communicator.App\Communicator.App.csproj", "{EF832D28-D534-4140-B6D5-96202A69766A}"
EndProject
Project("{2150E333-8FDC-42A3-9474-1A3956D46DE8}") = "tests", "tests", "{0AB3BF05-4346-4AA6-1389-037BE0695223}"
EndProject
Project("{FAE04EC0-301F-11D3-BF4B-00C04F79EFBC}") = "Communicator.Canvas.Tests", "tests\Communicator.Canvas.Tests\Communicator.Canvas.Tests.csproj", "{4CA2F7C2-7E25-47A5-93CE-F642363E7459}"
EndProject
Project("{FAE04EC0-301F-11D3-BF4B-00C04F79EFBC}") = "Communicator.Controller.Tests", "tests\Communicator.Controller.Tests\Communicator.Controller.Tests.csproj", "{1DDF990C-B4C4-4163-96A8-AA91E74B61FE}"
EndProject
Project("{FAE04EC0-301F-11D3-BF4B-00C04F79EFBC}") = "Communicator.UX.Tests", "tests\Communicator.UX.Tests\Communicator.UX.Tests.csproj", "{E2AF82A3-23DF-43CB-8332-4B8CCAA18E6A}"
EndProject
Project("{FAE04EC0-301F-11D3-BF4B-00C04F79EFBC}") = "Communicator.Core", "src\Communicator.Core\Communicator.Core.csproj", "{381831ED-C37C-430B-AE2E-3A79A7100134}"
EndProject
Project("{FAE04EC0-301F-11D3-BF4B-00C04F79EFBC}") = "Communicator.Icons", "src\Communicator.Icons\Communicator.Icons.csproj", "{BE6E90C5-94EF-4BFC-85D5-0919D2DF50A3}"
EndProject
Project("{FAE04EC0-301F-11D3-BF4B-00C04F79EFBC}") = "Communicator.ScreenShare", "src\Communicator.ScreenShare\Communicator.ScreenShare.csproj", "{F11B6D36-5393-43C1-967D-F70C358F8DB6}"
EndProject
Project("{FAE04EC0-301F-11D3-BF4B-00C04F79EFBC}") = "Communicator.Chat", "src\Communicator.Chat\Communicator.Chat.csproj", "{224B1743-3490-4611-894E-D0D35BBF3F89}"
EndProject
Project("{2150E333-8FDC-42A3-9474-1A3956D46DE8}") = "Socketry", "Socketry", "{96E3B785-3683-0C03-C696-917DBF382800}"
EndProject
Project("{FAE04EC0-301F-11D3-BF4B-00C04F79EFBC}") = "packetparser", "src\Socketry\packetparser\packetparser.csproj", "{1CF46321-EE73-4612-B642-9839470F323B}"
EndProject
Project("{FAE04EC0-301F-11D3-BF4B-00C04F79EFBC}") = "socket", "src\Socketry\socket\socket.csproj", "{832374F4-7B9F-444A-9D6E-A1765768ADA3}"
EndProject
Project("{FAE04EC0-301F-11D3-BF4B-00C04F79EFBC}") = "socketry", "src\Socketry\socketry\socketry.csproj", "{5225E00D-B82F-4220-8044-06FBA2A5B157}"
EndProject
Project("{2150E333-8FDC-42A3-9474-1A3956D46DE8}") = "Communicator.UX", "Communicator.UX", "{21686062-F20E-4410-4F44-47EBB9368EA8}"
EndProject
Project("{2150E333-8FDC-42A3-9474-1A3956D46DE8}") = "Canvas", "Canvas", "{92F4ED79-529B-D9B0-A6D2-B8EF11AD0E4D}"
EndProject
Project("{FAE04EC0-301F-11D3-BF4B-00C04F79EFBC}") = "Communicator.UX.Canvas", "src\Communicator.UX\Canvas\Communicator.UX.Canvas.csproj", "{C86BAA16-599F-4388-A339-CE4DB59B9E8F}"
EndProject
Project("{2150E333-8FDC-42A3-9474-1A3956D46DE8}") = "Canvas.Demo", "Canvas.Demo", "{FAC4F88F-19B7-FB6E-3561-19DB7914B40B}"
EndProject
Project("{FAE04EC0-301F-11D3-BF4B-00C04F79EFBC}") = "Communicator.UX.Canvas.Demo", "src\Communicator.UX\Canvas.Demo\Communicator.UX.Canvas.Demo.csproj", "{26134005-D895-4B74-89F7-2D1A4D400D43}"
EndProject
Project("{FAE04EC0-301F-11D3-BF4B-00C04F79EFBC}") = "Communicator.Networking", "src\Communicator.Networking\Communicator.Networking.csproj", "{C8BA9E64-B0A5-4B81-BA2B-B05DF2F603AB}"
EndProject
Project("{2150E333-8FDC-42A3-9474-1A3956D46DE8}") = "Analytics", "Analytics", "{E6257312-9465-0252-2CFF-4DF7D3B955B8}"
EndProject
Project("{FAE04EC0-301F-11D3-BF4B-00C04F79EFBC}") = "Communicator.UX.Analytics", "src\Communicator.UX\Analytics\Communicator.UX.Analytics.csproj", "{E3060534-A0FB-4385-938C-9050D0DCE009}"
EndProject
Global
	GlobalSection(SolutionConfigurationPlatforms) = preSolution
		Debug|Any CPU = Debug|Any CPU
		Debug|x64 = Debug|x64
		Debug|x86 = Debug|x86
		Release|Any CPU = Release|Any CPU
		Release|x64 = Release|x64
		Release|x86 = Release|x86
	EndGlobalSection
	GlobalSection(ProjectConfigurationPlatforms) = postSolution
		{9BDB48B1-E097-4C7A-80CF-498FD3823FA9}.Debug|Any CPU.ActiveCfg = Debug|Any CPU
		{9BDB48B1-E097-4C7A-80CF-498FD3823FA9}.Debug|Any CPU.Build.0 = Debug|Any CPU
		{9BDB48B1-E097-4C7A-80CF-498FD3823FA9}.Debug|x64.ActiveCfg = Debug|Any CPU
		{9BDB48B1-E097-4C7A-80CF-498FD3823FA9}.Debug|x64.Build.0 = Debug|Any CPU
		{9BDB48B1-E097-4C7A-80CF-498FD3823FA9}.Debug|x86.ActiveCfg = Debug|Any CPU
		{9BDB48B1-E097-4C7A-80CF-498FD3823FA9}.Debug|x86.Build.0 = Debug|Any CPU
		{9BDB48B1-E097-4C7A-80CF-498FD3823FA9}.Release|Any CPU.ActiveCfg = Release|Any CPU
		{9BDB48B1-E097-4C7A-80CF-498FD3823FA9}.Release|Any CPU.Build.0 = Release|Any CPU
		{9BDB48B1-E097-4C7A-80CF-498FD3823FA9}.Release|x64.ActiveCfg = Release|Any CPU
		{9BDB48B1-E097-4C7A-80CF-498FD3823FA9}.Release|x64.Build.0 = Release|Any CPU
		{9BDB48B1-E097-4C7A-80CF-498FD3823FA9}.Release|x86.ActiveCfg = Release|Any CPU
		{9BDB48B1-E097-4C7A-80CF-498FD3823FA9}.Release|x86.Build.0 = Release|Any CPU
		{C9D0BBBB-2F53-47B2-85A3-98D5A1123978}.Debug|Any CPU.ActiveCfg = Debug|Any CPU
		{C9D0BBBB-2F53-47B2-85A3-98D5A1123978}.Debug|Any CPU.Build.0 = Debug|Any CPU
		{C9D0BBBB-2F53-47B2-85A3-98D5A1123978}.Debug|x64.ActiveCfg = Debug|Any CPU
		{C9D0BBBB-2F53-47B2-85A3-98D5A1123978}.Debug|x64.Build.0 = Debug|Any CPU
		{C9D0BBBB-2F53-47B2-85A3-98D5A1123978}.Debug|x86.ActiveCfg = Debug|Any CPU
		{C9D0BBBB-2F53-47B2-85A3-98D5A1123978}.Debug|x86.Build.0 = Debug|Any CPU
		{C9D0BBBB-2F53-47B2-85A3-98D5A1123978}.Release|Any CPU.ActiveCfg = Release|Any CPU
		{C9D0BBBB-2F53-47B2-85A3-98D5A1123978}.Release|Any CPU.Build.0 = Release|Any CPU
		{C9D0BBBB-2F53-47B2-85A3-98D5A1123978}.Release|x64.ActiveCfg = Release|Any CPU
		{C9D0BBBB-2F53-47B2-85A3-98D5A1123978}.Release|x64.Build.0 = Release|Any CPU
		{C9D0BBBB-2F53-47B2-85A3-98D5A1123978}.Release|x86.ActiveCfg = Release|Any CPU
		{C9D0BBBB-2F53-47B2-85A3-98D5A1123978}.Release|x86.Build.0 = Release|Any CPU
		{EF832D28-D534-4140-B6D5-96202A69766A}.Debug|Any CPU.ActiveCfg = Debug|Any CPU
		{EF832D28-D534-4140-B6D5-96202A69766A}.Debug|Any CPU.Build.0 = Debug|Any CPU
		{EF832D28-D534-4140-B6D5-96202A69766A}.Debug|x64.ActiveCfg = Debug|Any CPU
		{EF832D28-D534-4140-B6D5-96202A69766A}.Debug|x64.Build.0 = Debug|Any CPU
		{EF832D28-D534-4140-B6D5-96202A69766A}.Debug|x86.ActiveCfg = Debug|Any CPU
		{EF832D28-D534-4140-B6D5-96202A69766A}.Debug|x86.Build.0 = Debug|Any CPU
		{EF832D28-D534-4140-B6D5-96202A69766A}.Release|Any CPU.ActiveCfg = Release|Any CPU
		{EF832D28-D534-4140-B6D5-96202A69766A}.Release|Any CPU.Build.0 = Release|Any CPU
		{EF832D28-D534-4140-B6D5-96202A69766A}.Release|x64.ActiveCfg = Release|Any CPU
		{EF832D28-D534-4140-B6D5-96202A69766A}.Release|x64.Build.0 = Release|Any CPU
		{EF832D28-D534-4140-B6D5-96202A69766A}.Release|x86.ActiveCfg = Release|Any CPU
		{EF832D28-D534-4140-B6D5-96202A69766A}.Release|x86.Build.0 = Release|Any CPU
		{4CA2F7C2-7E25-47A5-93CE-F642363E7459}.Debug|Any CPU.ActiveCfg = Debug|Any CPU
		{4CA2F7C2-7E25-47A5-93CE-F642363E7459}.Debug|Any CPU.Build.0 = Debug|Any CPU
		{4CA2F7C2-7E25-47A5-93CE-F642363E7459}.Debug|x64.ActiveCfg = Debug|Any CPU
		{4CA2F7C2-7E25-47A5-93CE-F642363E7459}.Debug|x64.Build.0 = Debug|Any CPU
		{4CA2F7C2-7E25-47A5-93CE-F642363E7459}.Debug|x86.ActiveCfg = Debug|Any CPU
		{4CA2F7C2-7E25-47A5-93CE-F642363E7459}.Debug|x86.Build.0 = Debug|Any CPU
		{4CA2F7C2-7E25-47A5-93CE-F642363E7459}.Release|Any CPU.ActiveCfg = Release|Any CPU
		{4CA2F7C2-7E25-47A5-93CE-F642363E7459}.Release|Any CPU.Build.0 = Release|Any CPU
		{4CA2F7C2-7E25-47A5-93CE-F642363E7459}.Release|x64.ActiveCfg = Release|Any CPU
		{4CA2F7C2-7E25-47A5-93CE-F642363E7459}.Release|x64.Build.0 = Release|Any CPU
		{4CA2F7C2-7E25-47A5-93CE-F642363E7459}.Release|x86.ActiveCfg = Release|Any CPU
		{4CA2F7C2-7E25-47A5-93CE-F642363E7459}.Release|x86.Build.0 = Release|Any CPU
		{1DDF990C-B4C4-4163-96A8-AA91E74B61FE}.Debug|Any CPU.ActiveCfg = Debug|Any CPU
		{1DDF990C-B4C4-4163-96A8-AA91E74B61FE}.Debug|Any CPU.Build.0 = Debug|Any CPU
		{1DDF990C-B4C4-4163-96A8-AA91E74B61FE}.Debug|x64.ActiveCfg = Debug|Any CPU
		{1DDF990C-B4C4-4163-96A8-AA91E74B61FE}.Debug|x64.Build.0 = Debug|Any CPU
		{1DDF990C-B4C4-4163-96A8-AA91E74B61FE}.Debug|x86.ActiveCfg = Debug|Any CPU
		{1DDF990C-B4C4-4163-96A8-AA91E74B61FE}.Debug|x86.Build.0 = Debug|Any CPU
		{1DDF990C-B4C4-4163-96A8-AA91E74B61FE}.Release|Any CPU.ActiveCfg = Release|Any CPU
		{1DDF990C-B4C4-4163-96A8-AA91E74B61FE}.Release|Any CPU.Build.0 = Release|Any CPU
		{1DDF990C-B4C4-4163-96A8-AA91E74B61FE}.Release|x64.ActiveCfg = Release|Any CPU
		{1DDF990C-B4C4-4163-96A8-AA91E74B61FE}.Release|x64.Build.0 = Release|Any CPU
		{1DDF990C-B4C4-4163-96A8-AA91E74B61FE}.Release|x86.ActiveCfg = Release|Any CPU
		{1DDF990C-B4C4-4163-96A8-AA91E74B61FE}.Release|x86.Build.0 = Release|Any CPU
		{E2AF82A3-23DF-43CB-8332-4B8CCAA18E6A}.Debug|Any CPU.ActiveCfg = Debug|Any CPU
		{E2AF82A3-23DF-43CB-8332-4B8CCAA18E6A}.Debug|Any CPU.Build.0 = Debug|Any CPU
		{E2AF82A3-23DF-43CB-8332-4B8CCAA18E6A}.Debug|x64.ActiveCfg = Debug|Any CPU
		{E2AF82A3-23DF-43CB-8332-4B8CCAA18E6A}.Debug|x64.Build.0 = Debug|Any CPU
		{E2AF82A3-23DF-43CB-8332-4B8CCAA18E6A}.Debug|x86.ActiveCfg = Debug|Any CPU
		{E2AF82A3-23DF-43CB-8332-4B8CCAA18E6A}.Debug|x86.Build.0 = Debug|Any CPU
		{E2AF82A3-23DF-43CB-8332-4B8CCAA18E6A}.Release|Any CPU.ActiveCfg = Release|Any CPU
		{E2AF82A3-23DF-43CB-8332-4B8CCAA18E6A}.Release|Any CPU.Build.0 = Release|Any CPU
		{E2AF82A3-23DF-43CB-8332-4B8CCAA18E6A}.Release|x64.ActiveCfg = Release|Any CPU
		{E2AF82A3-23DF-43CB-8332-4B8CCAA18E6A}.Release|x64.Build.0 = Release|Any CPU
		{E2AF82A3-23DF-43CB-8332-4B8CCAA18E6A}.Release|x86.ActiveCfg = Release|Any CPU
		{E2AF82A3-23DF-43CB-8332-4B8CCAA18E6A}.Release|x86.Build.0 = Release|Any CPU
		{381831ED-C37C-430B-AE2E-3A79A7100134}.Debug|Any CPU.ActiveCfg = Debug|Any CPU
		{381831ED-C37C-430B-AE2E-3A79A7100134}.Debug|Any CPU.Build.0 = Debug|Any CPU
		{381831ED-C37C-430B-AE2E-3A79A7100134}.Debug|x64.ActiveCfg = Debug|Any CPU
		{381831ED-C37C-430B-AE2E-3A79A7100134}.Debug|x64.Build.0 = Debug|Any CPU
		{381831ED-C37C-430B-AE2E-3A79A7100134}.Debug|x86.ActiveCfg = Debug|Any CPU
		{381831ED-C37C-430B-AE2E-3A79A7100134}.Debug|x86.Build.0 = Debug|Any CPU
		{381831ED-C37C-430B-AE2E-3A79A7100134}.Release|Any CPU.ActiveCfg = Release|Any CPU
		{381831ED-C37C-430B-AE2E-3A79A7100134}.Release|Any CPU.Build.0 = Release|Any CPU
		{381831ED-C37C-430B-AE2E-3A79A7100134}.Release|x64.ActiveCfg = Release|Any CPU
		{381831ED-C37C-430B-AE2E-3A79A7100134}.Release|x64.Build.0 = Release|Any CPU
		{381831ED-C37C-430B-AE2E-3A79A7100134}.Release|x86.ActiveCfg = Release|Any CPU
		{381831ED-C37C-430B-AE2E-3A79A7100134}.Release|x86.Build.0 = Release|Any CPU
		{BE6E90C5-94EF-4BFC-85D5-0919D2DF50A3}.Debug|Any CPU.ActiveCfg = Debug|Any CPU
		{BE6E90C5-94EF-4BFC-85D5-0919D2DF50A3}.Debug|Any CPU.Build.0 = Debug|Any CPU
		{BE6E90C5-94EF-4BFC-85D5-0919D2DF50A3}.Debug|x64.ActiveCfg = Debug|Any CPU
		{BE6E90C5-94EF-4BFC-85D5-0919D2DF50A3}.Debug|x64.Build.0 = Debug|Any CPU
		{BE6E90C5-94EF-4BFC-85D5-0919D2DF50A3}.Debug|x86.ActiveCfg = Debug|Any CPU
		{BE6E90C5-94EF-4BFC-85D5-0919D2DF50A3}.Debug|x86.Build.0 = Debug|Any CPU
		{BE6E90C5-94EF-4BFC-85D5-0919D2DF50A3}.Release|Any CPU.ActiveCfg = Release|Any CPU
		{BE6E90C5-94EF-4BFC-85D5-0919D2DF50A3}.Release|Any CPU.Build.0 = Release|Any CPU
		{BE6E90C5-94EF-4BFC-85D5-0919D2DF50A3}.Release|x64.ActiveCfg = Release|Any CPU
		{BE6E90C5-94EF-4BFC-85D5-0919D2DF50A3}.Release|x64.Build.0 = Release|Any CPU
		{BE6E90C5-94EF-4BFC-85D5-0919D2DF50A3}.Release|x86.ActiveCfg = Release|Any CPU
		{BE6E90C5-94EF-4BFC-85D5-0919D2DF50A3}.Release|x86.Build.0 = Release|Any CPU
		{F11B6D36-5393-43C1-967D-F70C358F8DB6}.Debug|Any CPU.ActiveCfg = Debug|Any CPU
		{F11B6D36-5393-43C1-967D-F70C358F8DB6}.Debug|Any CPU.Build.0 = Debug|Any CPU
		{F11B6D36-5393-43C1-967D-F70C358F8DB6}.Debug|x64.ActiveCfg = Debug|Any CPU
		{F11B6D36-5393-43C1-967D-F70C358F8DB6}.Debug|x64.Build.0 = Debug|Any CPU
		{F11B6D36-5393-43C1-967D-F70C358F8DB6}.Debug|x86.ActiveCfg = Debug|Any CPU
		{F11B6D36-5393-43C1-967D-F70C358F8DB6}.Debug|x86.Build.0 = Debug|Any CPU
		{F11B6D36-5393-43C1-967D-F70C358F8DB6}.Release|Any CPU.ActiveCfg = Release|Any CPU
		{F11B6D36-5393-43C1-967D-F70C358F8DB6}.Release|Any CPU.Build.0 = Release|Any CPU
		{F11B6D36-5393-43C1-967D-F70C358F8DB6}.Release|x64.ActiveCfg = Release|Any CPU
		{F11B6D36-5393-43C1-967D-F70C358F8DB6}.Release|x64.Build.0 = Release|Any CPU
		{F11B6D36-5393-43C1-967D-F70C358F8DB6}.Release|x86.ActiveCfg = Release|Any CPU
		{F11B6D36-5393-43C1-967D-F70C358F8DB6}.Release|x86.Build.0 = Release|Any CPU
		{224B1743-3490-4611-894E-D0D35BBF3F89}.Debug|Any CPU.ActiveCfg = Debug|Any CPU
		{224B1743-3490-4611-894E-D0D35BBF3F89}.Debug|Any CPU.Build.0 = Debug|Any CPU
		{224B1743-3490-4611-894E-D0D35BBF3F89}.Debug|x64.ActiveCfg = Debug|Any CPU
		{224B1743-3490-4611-894E-D0D35BBF3F89}.Debug|x64.Build.0 = Debug|Any CPU
		{224B1743-3490-4611-894E-D0D35BBF3F89}.Debug|x86.ActiveCfg = Debug|Any CPU
		{224B1743-3490-4611-894E-D0D35BBF3F89}.Debug|x86.Build.0 = Debug|Any CPU
		{224B1743-3490-4611-894E-D0D35BBF3F89}.Release|Any CPU.ActiveCfg = Release|Any CPU
		{224B1743-3490-4611-894E-D0D35BBF3F89}.Release|Any CPU.Build.0 = Release|Any CPU
		{224B1743-3490-4611-894E-D0D35BBF3F89}.Release|x64.ActiveCfg = Release|Any CPU
		{224B1743-3490-4611-894E-D0D35BBF3F89}.Release|x64.Build.0 = Release|Any CPU
		{224B1743-3490-4611-894E-D0D35BBF3F89}.Release|x86.ActiveCfg = Release|Any CPU
		{224B1743-3490-4611-894E-D0D35BBF3F89}.Release|x86.Build.0 = Release|Any CPU
		{1CF46321-EE73-4612-B642-9839470F323B}.Debug|Any CPU.ActiveCfg = Debug|Any CPU
		{1CF46321-EE73-4612-B642-9839470F323B}.Debug|Any CPU.Build.0 = Debug|Any CPU
		{1CF46321-EE73-4612-B642-9839470F323B}.Debug|x64.ActiveCfg = Debug|Any CPU
		{1CF46321-EE73-4612-B642-9839470F323B}.Debug|x64.Build.0 = Debug|Any CPU
		{1CF46321-EE73-4612-B642-9839470F323B}.Debug|x86.ActiveCfg = Debug|Any CPU
		{1CF46321-EE73-4612-B642-9839470F323B}.Debug|x86.Build.0 = Debug|Any CPU
		{1CF46321-EE73-4612-B642-9839470F323B}.Release|Any CPU.ActiveCfg = Release|Any CPU
		{1CF46321-EE73-4612-B642-9839470F323B}.Release|Any CPU.Build.0 = Release|Any CPU
		{1CF46321-EE73-4612-B642-9839470F323B}.Release|x64.ActiveCfg = Release|Any CPU
		{1CF46321-EE73-4612-B642-9839470F323B}.Release|x64.Build.0 = Release|Any CPU
		{1CF46321-EE73-4612-B642-9839470F323B}.Release|x86.ActiveCfg = Release|Any CPU
		{1CF46321-EE73-4612-B642-9839470F323B}.Release|x86.Build.0 = Release|Any CPU
		{832374F4-7B9F-444A-9D6E-A1765768ADA3}.Debug|Any CPU.ActiveCfg = Debug|Any CPU
		{832374F4-7B9F-444A-9D6E-A1765768ADA3}.Debug|Any CPU.Build.0 = Debug|Any CPU
		{832374F4-7B9F-444A-9D6E-A1765768ADA3}.Debug|x64.ActiveCfg = Debug|Any CPU
		{832374F4-7B9F-444A-9D6E-A1765768ADA3}.Debug|x64.Build.0 = Debug|Any CPU
		{832374F4-7B9F-444A-9D6E-A1765768ADA3}.Debug|x86.ActiveCfg = Debug|Any CPU
		{832374F4-7B9F-444A-9D6E-A1765768ADA3}.Debug|x86.Build.0 = Debug|Any CPU
		{832374F4-7B9F-444A-9D6E-A1765768ADA3}.Release|Any CPU.ActiveCfg = Release|Any CPU
		{832374F4-7B9F-444A-9D6E-A1765768ADA3}.Release|Any CPU.Build.0 = Release|Any CPU
		{832374F4-7B9F-444A-9D6E-A1765768ADA3}.Release|x64.ActiveCfg = Release|Any CPU
		{832374F4-7B9F-444A-9D6E-A1765768ADA3}.Release|x64.Build.0 = Release|Any CPU
		{832374F4-7B9F-444A-9D6E-A1765768ADA3}.Release|x86.ActiveCfg = Release|Any CPU
		{832374F4-7B9F-444A-9D6E-A1765768ADA3}.Release|x86.Build.0 = Release|Any CPU
		{5225E00D-B82F-4220-8044-06FBA2A5B157}.Debug|Any CPU.ActiveCfg = Debug|Any CPU
		{5225E00D-B82F-4220-8044-06FBA2A5B157}.Debug|Any CPU.Build.0 = Debug|Any CPU
		{5225E00D-B82F-4220-8044-06FBA2A5B157}.Debug|x64.ActiveCfg = Debug|Any CPU
		{5225E00D-B82F-4220-8044-06FBA2A5B157}.Debug|x64.Build.0 = Debug|Any CPU
		{5225E00D-B82F-4220-8044-06FBA2A5B157}.Debug|x86.ActiveCfg = Debug|Any CPU
		{5225E00D-B82F-4220-8044-06FBA2A5B157}.Debug|x86.Build.0 = Debug|Any CPU
		{5225E00D-B82F-4220-8044-06FBA2A5B157}.Release|Any CPU.ActiveCfg = Release|Any CPU
		{5225E00D-B82F-4220-8044-06FBA2A5B157}.Release|Any CPU.Build.0 = Release|Any CPU
		{5225E00D-B82F-4220-8044-06FBA2A5B157}.Release|x64.ActiveCfg = Release|Any CPU
		{5225E00D-B82F-4220-8044-06FBA2A5B157}.Release|x64.Build.0 = Release|Any CPU
		{5225E00D-B82F-4220-8044-06FBA2A5B157}.Release|x86.ActiveCfg = Release|Any CPU
		{5225E00D-B82F-4220-8044-06FBA2A5B157}.Release|x86.Build.0 = Release|Any CPU
		{C86BAA16-599F-4388-A339-CE4DB59B9E8F}.Debug|Any CPU.ActiveCfg = Debug|Any CPU
		{C86BAA16-599F-4388-A339-CE4DB59B9E8F}.Debug|Any CPU.Build.0 = Debug|Any CPU
		{C86BAA16-599F-4388-A339-CE4DB59B9E8F}.Debug|x64.ActiveCfg = Debug|Any CPU
		{C86BAA16-599F-4388-A339-CE4DB59B9E8F}.Debug|x64.Build.0 = Debug|Any CPU
		{C86BAA16-599F-4388-A339-CE4DB59B9E8F}.Debug|x86.ActiveCfg = Debug|Any CPU
		{C86BAA16-599F-4388-A339-CE4DB59B9E8F}.Debug|x86.Build.0 = Debug|Any CPU
		{C86BAA16-599F-4388-A339-CE4DB59B9E8F}.Release|Any CPU.ActiveCfg = Release|Any CPU
		{C86BAA16-599F-4388-A339-CE4DB59B9E8F}.Release|Any CPU.Build.0 = Release|Any CPU
		{C86BAA16-599F-4388-A339-CE4DB59B9E8F}.Release|x64.ActiveCfg = Release|Any CPU
		{C86BAA16-599F-4388-A339-CE4DB59B9E8F}.Release|x64.Build.0 = Release|Any CPU
		{C86BAA16-599F-4388-A339-CE4DB59B9E8F}.Release|x86.ActiveCfg = Release|Any CPU
		{C86BAA16-599F-4388-A339-CE4DB59B9E8F}.Release|x86.Build.0 = Release|Any CPU
		{26134005-D895-4B74-89F7-2D1A4D400D43}.Debug|Any CPU.ActiveCfg = Debug|Any CPU
		{26134005-D895-4B74-89F7-2D1A4D400D43}.Debug|Any CPU.Build.0 = Debug|Any CPU
		{26134005-D895-4B74-89F7-2D1A4D400D43}.Debug|x64.ActiveCfg = Debug|Any CPU
		{26134005-D895-4B74-89F7-2D1A4D400D43}.Debug|x64.Build.0 = Debug|Any CPU
		{26134005-D895-4B74-89F7-2D1A4D400D43}.Debug|x86.ActiveCfg = Debug|Any CPU
		{26134005-D895-4B74-89F7-2D1A4D400D43}.Debug|x86.Build.0 = Debug|Any CPU
		{26134005-D895-4B74-89F7-2D1A4D400D43}.Release|Any CPU.ActiveCfg = Release|Any CPU
		{26134005-D895-4B74-89F7-2D1A4D400D43}.Release|Any CPU.Build.0 = Release|Any CPU
		{26134005-D895-4B74-89F7-2D1A4D400D43}.Release|x64.ActiveCfg = Release|Any CPU
		{26134005-D895-4B74-89F7-2D1A4D400D43}.Release|x64.Build.0 = Release|Any CPU
		{26134005-D895-4B74-89F7-2D1A4D400D43}.Release|x86.ActiveCfg = Release|Any CPU
		{26134005-D895-4B74-89F7-2D1A4D400D43}.Release|x86.Build.0 = Release|Any CPU
		{C8BA9E64-B0A5-4B81-BA2B-B05DF2F603AB}.Debug|Any CPU.ActiveCfg = Debug|Any CPU
		{C8BA9E64-B0A5-4B81-BA2B-B05DF2F603AB}.Debug|Any CPU.Build.0 = Debug|Any CPU
		{C8BA9E64-B0A5-4B81-BA2B-B05DF2F603AB}.Debug|x64.ActiveCfg = Debug|Any CPU
		{C8BA9E64-B0A5-4B81-BA2B-B05DF2F603AB}.Debug|x64.Build.0 = Debug|Any CPU
		{C8BA9E64-B0A5-4B81-BA2B-B05DF2F603AB}.Debug|x86.ActiveCfg = Debug|Any CPU
		{C8BA9E64-B0A5-4B81-BA2B-B05DF2F603AB}.Debug|x86.Build.0 = Debug|Any CPU
		{C8BA9E64-B0A5-4B81-BA2B-B05DF2F603AB}.Release|Any CPU.ActiveCfg = Release|Any CPU
		{C8BA9E64-B0A5-4B81-BA2B-B05DF2F603AB}.Release|Any CPU.Build.0 = Release|Any CPU
		{C8BA9E64-B0A5-4B81-BA2B-B05DF2F603AB}.Release|x64.ActiveCfg = Release|Any CPU
		{C8BA9E64-B0A5-4B81-BA2B-B05DF2F603AB}.Release|x64.Build.0 = Release|Any CPU
		{C8BA9E64-B0A5-4B81-BA2B-B05DF2F603AB}.Release|x86.ActiveCfg = Release|Any CPU
		{C8BA9E64-B0A5-4B81-BA2B-B05DF2F603AB}.Release|x86.Build.0 = Release|Any CPU
		{E3060534-A0FB-4385-938C-9050D0DCE009}.Debug|Any CPU.ActiveCfg = Debug|Any CPU
		{E3060534-A0FB-4385-938C-9050D0DCE009}.Debug|Any CPU.Build.0 = Debug|Any CPU
		{E3060534-A0FB-4385-938C-9050D0DCE009}.Debug|x64.ActiveCfg = Debug|Any CPU
		{E3060534-A0FB-4385-938C-9050D0DCE009}.Debug|x64.Build.0 = Debug|Any CPU
		{E3060534-A0FB-4385-938C-9050D0DCE009}.Debug|x86.ActiveCfg = Debug|Any CPU
		{E3060534-A0FB-4385-938C-9050D0DCE009}.Debug|x86.Build.0 = Debug|Any CPU
		{E3060534-A0FB-4385-938C-9050D0DCE009}.Release|Any CPU.ActiveCfg = Release|Any CPU
		{E3060534-A0FB-4385-938C-9050D0DCE009}.Release|Any CPU.Build.0 = Release|Any CPU
		{E3060534-A0FB-4385-938C-9050D0DCE009}.Release|x64.ActiveCfg = Release|Any CPU
		{E3060534-A0FB-4385-938C-9050D0DCE009}.Release|x64.Build.0 = Release|Any CPU
		{E3060534-A0FB-4385-938C-9050D0DCE009}.Release|x86.ActiveCfg = Release|Any CPU
		{E3060534-A0FB-4385-938C-9050D0DCE009}.Release|x86.Build.0 = Release|Any CPU
	EndGlobalSection
	GlobalSection(SolutionProperties) = preSolution
		HideSolutionNode = FALSE
	EndGlobalSection
	GlobalSection(NestedProjects) = preSolution
		{9BDB48B1-E097-4C7A-80CF-498FD3823FA9} = {827E0CD3-B72D-47B6-A68D-7590B98EB39B}
		{C9D0BBBB-2F53-47B2-85A3-98D5A1123978} = {827E0CD3-B72D-47B6-A68D-7590B98EB39B}
		{EF832D28-D534-4140-B6D5-96202A69766A} = {827E0CD3-B72D-47B6-A68D-7590B98EB39B}
		{4CA2F7C2-7E25-47A5-93CE-F642363E7459} = {0AB3BF05-4346-4AA6-1389-037BE0695223}
		{1DDF990C-B4C4-4163-96A8-AA91E74B61FE} = {0AB3BF05-4346-4AA6-1389-037BE0695223}
		{E2AF82A3-23DF-43CB-8332-4B8CCAA18E6A} = {0AB3BF05-4346-4AA6-1389-037BE0695223}
		{381831ED-C37C-430B-AE2E-3A79A7100134} = {827E0CD3-B72D-47B6-A68D-7590B98EB39B}
		{BE6E90C5-94EF-4BFC-85D5-0919D2DF50A3} = {827E0CD3-B72D-47B6-A68D-7590B98EB39B}
		{F11B6D36-5393-43C1-967D-F70C358F8DB6} = {827E0CD3-B72D-47B6-A68D-7590B98EB39B}
		{224B1743-3490-4611-894E-D0D35BBF3F89} = {827E0CD3-B72D-47B6-A68D-7590B98EB39B}
		{96E3B785-3683-0C03-C696-917DBF382800} = {827E0CD3-B72D-47B6-A68D-7590B98EB39B}
		{1CF46321-EE73-4612-B642-9839470F323B} = {96E3B785-3683-0C03-C696-917DBF382800}
		{832374F4-7B9F-444A-9D6E-A1765768ADA3} = {96E3B785-3683-0C03-C696-917DBF382800}
		{5225E00D-B82F-4220-8044-06FBA2A5B157} = {96E3B785-3683-0C03-C696-917DBF382800}
		{21686062-F20E-4410-4F44-47EBB9368EA8} = {827E0CD3-B72D-47B6-A68D-7590B98EB39B}
		{92F4ED79-529B-D9B0-A6D2-B8EF11AD0E4D} = {21686062-F20E-4410-4F44-47EBB9368EA8}
		{C86BAA16-599F-4388-A339-CE4DB59B9E8F} = {92F4ED79-529B-D9B0-A6D2-B8EF11AD0E4D}
		{FAC4F88F-19B7-FB6E-3561-19DB7914B40B} = {21686062-F20E-4410-4F44-47EBB9368EA8}
		{26134005-D895-4B74-89F7-2D1A4D400D43} = {FAC4F88F-19B7-FB6E-3561-19DB7914B40B}
		{C8BA9E64-B0A5-4B81-BA2B-B05DF2F603AB} = {827E0CD3-B72D-47B6-A68D-7590B98EB39B}
		{E6257312-9465-0252-2CFF-4DF7D3B955B8} = {21686062-F20E-4410-4F44-47EBB9368EA8}
		{E3060534-A0FB-4385-938C-9050D0DCE009} = {E6257312-9465-0252-2CFF-4DF7D3B955B8}
	EndGlobalSection
	GlobalSection(ExtensibilityGlobals) = postSolution
		SolutionGuid = {AAA4535E-25F0-46CC-816D-6FC245A7732D}
	EndGlobalSection
EndGlobal
